
Microsoft Visual Studio Solution File, Format Version 12.00
Project("{FAE04EC0-301F-11D3-BF4B-00C04F79EFBC}") = "TestsOfSOLID", "TestsOfSOLID\TestsOfSOLID.csproj", "{26934736-576F-4161-B435-5B7B2667C46E}"
EndProject
Project("{FAE04EC0-301F-11D3-BF4B-00C04F79EFBC}") = "SingleResponsibilityPrinciple", "SingleResponsibilityPrinciple\SingleResponsibilityPrinciple.csproj", "{E3492FD3-2C69-4BDD-8A38-DA3EDC77ECB4}"
EndProject
Project("{FAE04EC0-301F-11D3-BF4B-00C04F79EFBC}") = "SingleResponsibilityPrinciple.Tests", "SingleResponsibilityPrinciple.Tests\SingleResponsibilityPrinciple.Tests.csproj", "{70ED92BC-7AB3-46F3-9AE9-9A0442B3FD22}"
EndProject
Project("{FAE04EC0-301F-11D3-BF4B-00C04F79EFBC}") = "SelectableUserInterface", "SelectableUserInterface\SelectableUserInterface.csproj", "{8F101B2D-5502-4F63-99C0-1AF131942E3A}"
EndProject
Project("{FAE04EC0-301F-11D3-BF4B-00C04F79EFBC}") = "OpenClosedPrinciple", "OpenClosedPrinciple\OpenClosedPrinciple.csproj", "{70C58FA0-A245-4714-BFB3-BAA1126BAA59}"
EndProject
Project("{FAE04EC0-301F-11D3-BF4B-00C04F79EFBC}") = "OpenClosedPrinciple.Tests", "OpenClosedPrinciple.Tests\OpenClosedPrinciple.Tests.csproj", "{5F29F11C-47E6-4774-A792-787364541DD9}"
EndProject
Global
	GlobalSection(SolutionConfigurationPlatforms) = preSolution
		Debug|Any CPU = Debug|Any CPU
		Release|Any CPU = Release|Any CPU
	EndGlobalSection
	GlobalSection(ProjectConfigurationPlatforms) = postSolution
		{26934736-576F-4161-B435-5B7B2667C46E}.Debug|Any CPU.ActiveCfg = Debug|Any CPU
		{26934736-576F-4161-B435-5B7B2667C46E}.Debug|Any CPU.Build.0 = Debug|Any CPU
		{26934736-576F-4161-B435-5B7B2667C46E}.Release|Any CPU.ActiveCfg = Release|Any CPU
		{26934736-576F-4161-B435-5B7B2667C46E}.Release|Any CPU.Build.0 = Release|Any CPU
		{E3492FD3-2C69-4BDD-8A38-DA3EDC77ECB4}.Debug|Any CPU.ActiveCfg = Debug|Any CPU
		{E3492FD3-2C69-4BDD-8A38-DA3EDC77ECB4}.Debug|Any CPU.Build.0 = Debug|Any CPU
		{E3492FD3-2C69-4BDD-8A38-DA3EDC77ECB4}.Release|Any CPU.ActiveCfg = Release|Any CPU
		{E3492FD3-2C69-4BDD-8A38-DA3EDC77ECB4}.Release|Any CPU.Build.0 = Release|Any CPU
		{70ED92BC-7AB3-46F3-9AE9-9A0442B3FD22}.Debug|Any CPU.ActiveCfg = Debug|Any CPU
		{70ED92BC-7AB3-46F3-9AE9-9A0442B3FD22}.Debug|Any CPU.Build.0 = Debug|Any CPU
		{70ED92BC-7AB3-46F3-9AE9-9A0442B3FD22}.Release|Any CPU.ActiveCfg = Release|Any CPU
		{70ED92BC-7AB3-46F3-9AE9-9A0442B3FD22}.Release|Any CPU.Build.0 = Release|Any CPU
		{8F101B2D-5502-4F63-99C0-1AF131942E3A}.Debug|Any CPU.ActiveCfg = Debug|Any CPU
		{8F101B2D-5502-4F63-99C0-1AF131942E3A}.Debug|Any CPU.Build.0 = Debug|Any CPU
		{8F101B2D-5502-4F63-99C0-1AF131942E3A}.Release|Any CPU.ActiveCfg = Release|Any CPU
		{8F101B2D-5502-4F63-99C0-1AF131942E3A}.Release|Any CPU.Build.0 = Release|Any CPU
		{70C58FA0-A245-4714-BFB3-BAA1126BAA59}.Debug|Any CPU.ActiveCfg = Debug|Any CPU
		{70C58FA0-A245-4714-BFB3-BAA1126BAA59}.Debug|Any CPU.Build.0 = Debug|Any CPU
		{70C58FA0-A245-4714-BFB3-BAA1126BAA59}.Release|Any CPU.ActiveCfg = Release|Any CPU
		{70C58FA0-A245-4714-BFB3-BAA1126BAA59}.Release|Any CPU.Build.0 = Release|Any CPU
		{5F29F11C-47E6-4774-A792-787364541DD9}.Debug|Any CPU.ActiveCfg = Debug|Any CPU
		{5F29F11C-47E6-4774-A792-787364541DD9}.Debug|Any CPU.Build.0 = Debug|Any CPU
		{5F29F11C-47E6-4774-A792-787364541DD9}.Release|Any CPU.ActiveCfg = Release|Any CPU
		{5F29F11C-47E6-4774-A792-787364541DD9}.Release|Any CPU.Build.0 = Release|Any CPU
	EndGlobalSection
EndGlobal
